// !$*UTF8*$!
{
	archiveVersion = 1;
	classes = {
	};
	objectVersion = 50;
	objects = {

/* Begin PBXBuildFile section */
		1ACBDFB8268EFA08007ABC14 /* AppDelegate.swift in Sources */ = {isa = PBXBuildFile; fileRef = 1ACBDFB7268EFA08007ABC14 /* AppDelegate.swift */; };
		1ACBDFBA268EFA08007ABC14 /* SceneDelegate.swift in Sources */ = {isa = PBXBuildFile; fileRef = 1ACBDFB9268EFA08007ABC14 /* SceneDelegate.swift */; };
		1ACBDFC1268EFA09007ABC14 /* Assets.xcassets in Resources */ = {isa = PBXBuildFile; fileRef = 1ACBDFC0268EFA09007ABC14 /* Assets.xcassets */; };
		1ACBDFC4268EFA09007ABC14 /* LaunchScreen.storyboard in Resources */ = {isa = PBXBuildFile; fileRef = 1ACBDFC2268EFA09007ABC14 /* LaunchScreen.storyboard */; };
		1ACBDFCF268EFC14007ABC14 /* MainTabBarController.swift in Sources */ = {isa = PBXBuildFile; fileRef = 1ACBDFCE268EFC14007ABC14 /* MainTabBarController.swift */; };
		1ACBDFD3268EFC70007ABC14 /* FlowViewController.swift in Sources */ = {isa = PBXBuildFile; fileRef = 1ACBDFD2268EFC70007ABC14 /* FlowViewController.swift */; };
		1ACBDFD7268EFCBA007ABC14 /* CompositionalViewController.swift in Sources */ = {isa = PBXBuildFile; fileRef = 1ACBDFD6268EFCBA007ABC14 /* CompositionalViewController.swift */; };
		1ACBDFDA268EFCC9007ABC14 /* AdvancedViewController.swift in Sources */ = {isa = PBXBuildFile; fileRef = 1ACBDFD9268EFCC9007ABC14 /* AdvancedViewController.swift */; };
		1ACBDFDE268EFD21007ABC14 /* UserCell.swift in Sources */ = {isa = PBXBuildFile; fileRef = 1ACBDFDD268EFD21007ABC14 /* UserCell.swift */; };
		1ACBDFE2268EFD46007ABC14 /* FoodCell.swift in Sources */ = {isa = PBXBuildFile; fileRef = 1ACBDFE1268EFD46007ABC14 /* FoodCell.swift */; };
		1ACBDFE6268EFD72007ABC14 /* SelfConfiguringCell.swift in Sources */ = {isa = PBXBuildFile; fileRef = 1ACBDFE5268EFD72007ABC14 /* SelfConfiguringCell.swift */; };
		1ACBDFEC268F3656007ABC14 /* BigCell.swift in Sources */ = {isa = PBXBuildFile; fileRef = 1ACBDFEB268F3656007ABC14 /* BigCell.swift */; };
/* End PBXBuildFile section */

/* Begin PBXFileReference section */
		1ACBDFB4268EFA08007ABC14 /* ExampleCollectionViewCompositionalLayout.app */ = {isa = PBXFileReference; explicitFileType = wrapper.application; includeInIndex = 0; path = ExampleCollectionViewCompositionalLayout.app; sourceTree = BUILT_PRODUCTS_DIR; };
		1ACBDFB7268EFA08007ABC14 /* AppDelegate.swift */ = {isa = PBXFileReference; lastKnownFileType = sourcecode.swift; path = AppDelegate.swift; sourceTree = "<group>"; };
		1ACBDFB9268EFA08007ABC14 /* SceneDelegate.swift */ = {isa = PBXFileReference; lastKnownFileType = sourcecode.swift; path = SceneDelegate.swift; sourceTree = "<group>"; };
		1ACBDFC0268EFA09007ABC14 /* Assets.xcassets */ = {isa = PBXFileReference; lastKnownFileType = folder.assetcatalog; path = Assets.xcassets; sourceTree = "<group>"; };
		1ACBDFC3268EFA09007ABC14 /* Base */ = {isa = PBXFileReference; lastKnownFileType = file.storyboard; name = Base; path = Base.lproj/LaunchScreen.storyboard; sourceTree = "<group>"; };
		1ACBDFC5268EFA09007ABC14 /* Info.plist */ = {isa = PBXFileReference; lastKnownFileType = text.plist.xml; path = Info.plist; sourceTree = "<group>"; };
		1ACBDFCE268EFC14007ABC14 /* MainTabBarController.swift */ = {isa = PBXFileReference; lastKnownFileType = sourcecode.swift; path = MainTabBarController.swift; sourceTree = "<group>"; };
		1ACBDFD2268EFC70007ABC14 /* FlowViewController.swift */ = {isa = PBXFileReference; lastKnownFileType = sourcecode.swift; path = FlowViewController.swift; sourceTree = "<group>"; };
		1ACBDFD6268EFCBA007ABC14 /* CompositionalViewController.swift */ = {isa = PBXFileReference; lastKnownFileType = sourcecode.swift; path = CompositionalViewController.swift; sourceTree = "<group>"; };
		1ACBDFD9268EFCC9007ABC14 /* AdvancedViewController.swift */ = {isa = PBXFileReference; lastKnownFileType = sourcecode.swift; path = AdvancedViewController.swift; sourceTree = "<group>"; };
		1ACBDFDD268EFD21007ABC14 /* UserCell.swift */ = {isa = PBXFileReference; lastKnownFileType = sourcecode.swift; path = UserCell.swift; sourceTree = "<group>"; };
		1ACBDFE1268EFD46007ABC14 /* FoodCell.swift */ = {isa = PBXFileReference; lastKnownFileType = sourcecode.swift; path = FoodCell.swift; sourceTree = "<group>"; };
		1ACBDFE5268EFD72007ABC14 /* SelfConfiguringCell.swift */ = {isa = PBXFileReference; lastKnownFileType = sourcecode.swift; path = SelfConfiguringCell.swift; sourceTree = "<group>"; };
		1ACBDFEB268F3656007ABC14 /* BigCell.swift */ = {isa = PBXFileReference; lastKnownFileType = sourcecode.swift; path = BigCell.swift; sourceTree = "<group>"; };
/* End PBXFileReference section */

/* Begin PBXFrameworksBuildPhase section */
		1ACBDFB1268EFA08007ABC14 /* Frameworks */ = {
			isa = PBXFrameworksBuildPhase;
			buildActionMask = 2147483647;
			files = (
			);
			runOnlyForDeploymentPostprocessing = 0;
		};
/* End PBXFrameworksBuildPhase section */

/* Begin PBXGroup section */
		1ACBDFAB268EFA08007ABC14 = {
			isa = PBXGroup;
			children = (
				1ACBDFB6268EFA08007ABC14 /* ExampleCollectionViewCompositionalLayout */,
				1ACBDFB5268EFA08007ABC14 /* Products */,
			);
			sourceTree = "<group>";
		};
		1ACBDFB5268EFA08007ABC14 /* Products */ = {
			isa = PBXGroup;
			children = (
				1ACBDFB4268EFA08007ABC14 /* ExampleCollectionViewCompositionalLayout.app */,
			);
			name = Products;
			sourceTree = "<group>";
		};
		1ACBDFB6268EFA08007ABC14 /* ExampleCollectionViewCompositionalLayout */ = {
			isa = PBXGroup;
			children = (
				1ACBDFE4268EFD5C007ABC14 /* Protocol */,
				1ACBDFDC268EFD06007ABC14 /* Cells */,
				1ACBDFD1268EFC51007ABC14 /* Controllers */,
				1ACBDFB7268EFA08007ABC14 /* AppDelegate.swift */,
				1ACBDFB9268EFA08007ABC14 /* SceneDelegate.swift */,
				1ACBDFCE268EFC14007ABC14 /* MainTabBarController.swift */,
				1ACBDFC0268EFA09007ABC14 /* Assets.xcassets */,
				1ACBDFC2268EFA09007ABC14 /* LaunchScreen.storyboard */,
				1ACBDFC5268EFA09007ABC14 /* Info.plist */,
			);
			path = ExampleCollectionViewCompositionalLayout;
			sourceTree = "<group>";
		};
		1ACBDFD1268EFC51007ABC14 /* Controllers */ = {
			isa = PBXGroup;
			children = (
				1ACBDFD2268EFC70007ABC14 /* FlowViewController.swift */,
				1ACBDFD6268EFCBA007ABC14 /* CompositionalViewController.swift */,
				1ACBDFD9268EFCC9007ABC14 /* AdvancedViewController.swift */,
			);
			path = Controllers;
			sourceTree = "<group>";
		};
		1ACBDFDC268EFD06007ABC14 /* Cells */ = {
			isa = PBXGroup;
			children = (
				1ACBDFDD268EFD21007ABC14 /* UserCell.swift */,
				1ACBDFE1268EFD46007ABC14 /* FoodCell.swift */,
				1ACBDFEB268F3656007ABC14 /* BigCell.swift */,
			);
			path = Cells;
			sourceTree = "<group>";
		};
		1ACBDFE4268EFD5C007ABC14 /* Protocol */ = {
			isa = PBXGroup;
			children = (
				1ACBDFE5268EFD72007ABC14 /* SelfConfiguringCell.swift */,
			);
			path = Protocol;
			sourceTree = "<group>";
		};
/* End PBXGroup section */

/* Begin PBXNativeTarget section */
		1ACBDFB3268EFA08007ABC14 /* ExampleCollectionViewCompositionalLayout */ = {
			isa = PBXNativeTarget;
			buildConfigurationList = 1ACBDFC8268EFA09007ABC14 /* Build configuration list for PBXNativeTarget "ExampleCollectionViewCompositionalLayout" */;
			buildPhases = (
				1ACBDFB0268EFA08007ABC14 /* Sources */,
				1ACBDFB1268EFA08007ABC14 /* Frameworks */,
				1ACBDFB2268EFA08007ABC14 /* Resources */,
			);
			buildRules = (
			);
			dependencies = (
			);
			name = ExampleCollectionViewCompositionalLayout;
			productName = ExampleCollectionViewCompositionalLayout;
			productReference = 1ACBDFB4268EFA08007ABC14 /* ExampleCollectionViewCompositionalLayout.app */;
			productType = "com.apple.product-type.application";
		};
/* End PBXNativeTarget section */

/* Begin PBXProject section */
		1ACBDFAC268EFA08007ABC14 /* Project object */ = {
			isa = PBXProject;
			attributes = {
				LastSwiftUpdateCheck = 1200;
				LastUpgradeCheck = 1200;
				TargetAttributes = {
					1ACBDFB3268EFA08007ABC14 = {
						CreatedOnToolsVersion = 12.0.1;
					};
				};
			};
			buildConfigurationList = 1ACBDFAF268EFA08007ABC14 /* Build configuration list for PBXProject "ExampleCollectionViewCompositionalLayout" */;
			compatibilityVersion = "Xcode 9.3";
			developmentRegion = en;
			hasScannedForEncodings = 0;
			knownRegions = (
				en,
				Base,
			);
			mainGroup = 1ACBDFAB268EFA08007ABC14;
			productRefGroup = 1ACBDFB5268EFA08007ABC14 /* Products */;
			projectDirPath = "";
			projectRoot = "";
			targets = (
				1ACBDFB3268EFA08007ABC14 /* ExampleCollectionViewCompositionalLayout */,
			);
		};
/* End PBXProject section */

/* Begin PBXResourcesBuildPhase section */
		1ACBDFB2268EFA08007ABC14 /* Resources */ = {
			isa = PBXResourcesBuildPhase;
			buildActionMask = 2147483647;
			files = (
				1ACBDFC4268EFA09007ABC14 /* LaunchScreen.storyboard in Resources */,
				1ACBDFC1268EFA09007ABC14 /* Assets.xcassets in Resources */,
			);
			runOnlyForDeploymentPostprocessing = 0;
		};
/* End PBXResourcesBuildPhase section */

/* Begin PBXSourcesBuildPhase section */
		1ACBDFB0268EFA08007ABC14 /* Sources */ = {
			isa = PBXSourcesBuildPhase;
			buildActionMask = 2147483647;
			files = (
				1ACBDFB8268EFA08007ABC14 /* AppDelegate.swift in Sources */,
				1ACBDFE2268EFD46007ABC14 /* FoodCell.swift in Sources */,
				1ACBDFBA268EFA08007ABC14 /* SceneDelegate.swift in Sources */,
				1ACBDFD3268EFC70007ABC14 /* FlowViewController.swift in Sources */,
				1ACBDFD7268EFCBA007ABC14 /* CompositionalViewController.swift in Sources */,
				1ACBDFDA268EFCC9007ABC14 /* AdvancedViewController.swift in Sources */,
				1ACBDFCF268EFC14007ABC14 /* MainTabBarController.swift in Sources */,
				1ACBDFDE268EFD21007ABC14 /* UserCell.swift in Sources */,
				1ACBDFEC268F3656007ABC14 /* BigCell.swift in Sources */,
				1ACBDFE6268EFD72007ABC14 /* SelfConfiguringCell.swift in Sources */,
			);
			runOnlyForDeploymentPostprocessing = 0;
		};
/* End PBXSourcesBuildPhase section */

/* Begin PBXVariantGroup section */
		1ACBDFC2268EFA09007ABC14 /* LaunchScreen.storyboard */ = {
			isa = PBXVariantGroup;
			children = (
				1ACBDFC3268EFA09007ABC14 /* Base */,
			);
			name = LaunchScreen.storyboard;
			sourceTree = "<group>";
		};
/* End PBXVariantGroup section */

/* Begin XCBuildConfiguration section */
		1ACBDFC6268EFA09007ABC14 /* Debug */ = {
			isa = XCBuildConfiguration;
			buildSettings = {
				ALWAYS_SEARCH_USER_PATHS = NO;
				CLANG_ANALYZER_NONNULL = YES;
				CLANG_ANALYZER_NUMBER_OBJECT_CONVERSION = YES_AGGRESSIVE;
				CLANG_CXX_LANGUAGE_STANDARD = "gnu++14";
				CLANG_CXX_LIBRARY = "libc++";
				CLANG_ENABLE_MODULES = YES;
				CLANG_ENABLE_OBJC_ARC = YES;
				CLANG_ENABLE_OBJC_WEAK = YES;
				CLANG_WARN_BLOCK_CAPTURE_AUTORELEASING = YES;
				CLANG_WARN_BOOL_CONVERSION = YES;
				CLANG_WARN_COMMA = YES;
				CLANG_WARN_CONSTANT_CONVERSION = YES;
				CLANG_WARN_DEPRECATED_OBJC_IMPLEMENTATIONS = YES;
				CLANG_WARN_DIRECT_OBJC_ISA_USAGE = YES_ERROR;
				CLANG_WARN_DOCUMENTATION_COMMENTS = YES;
				CLANG_WARN_EMPTY_BODY = YES;
				CLANG_WARN_ENUM_CONVERSION = YES;
				CLANG_WARN_INFINITE_RECURSION = YES;
				CLANG_WARN_INT_CONVERSION = YES;
				CLANG_WARN_NON_LITERAL_NULL_CONVERSION = YES;
				CLANG_WARN_OBJC_IMPLICIT_RETAIN_SELF = YES;
				CLANG_WARN_OBJC_LITERAL_CONVERSION = YES;
				CLANG_WARN_OBJC_ROOT_CLASS = YES_ERROR;
				CLANG_WARN_QUOTED_INCLUDE_IN_FRAMEWORK_HEADER = YES;
				CLANG_WARN_RANGE_LOOP_ANALYSIS = YES;
				CLANG_WARN_STRICT_PROTOTYPES = YES;
				CLANG_WARN_SUSPICIOUS_MOVE = YES;
				CLANG_WARN_UNGUARDED_AVAILABILITY = YES_AGGRESSIVE;
				CLANG_WARN_UNREACHABLE_CODE = YES;
				CLANG_WARN__DUPLICATE_METHOD_MATCH = YES;
				COPY_PHASE_STRIP = NO;
				DEBUG_INFORMATION_FORMAT = dwarf;
				ENABLE_STRICT_OBJC_MSGSEND = YES;
				ENABLE_TESTABILITY = YES;
				GCC_C_LANGUAGE_STANDARD = gnu11;
				GCC_DYNAMIC_NO_PIC = NO;
				GCC_NO_COMMON_BLOCKS = YES;
				GCC_OPTIMIZATION_LEVEL = 0;
				GCC_PREPROCESSOR_DEFINITIONS = (
					"DEBUG=1",
					"$(inherited)",
				);
				GCC_WARN_64_TO_32_BIT_CONVERSION = YES;
				GCC_WARN_ABOUT_RETURN_TYPE = YES_ERROR;
				GCC_WARN_UNDECLARED_SELECTOR = YES;
				GCC_WARN_UNINITIALIZED_AUTOS = YES_AGGRESSIVE;
				GCC_WARN_UNUSED_FUNCTION = YES;
				GCC_WARN_UNUSED_VARIABLE = YES;
				IPHONEOS_DEPLOYMENT_TARGET = 14.0;
				MTL_ENABLE_DEBUG_INFO = INCLUDE_SOURCE;
				MTL_FAST_MATH = YES;
				ONLY_ACTIVE_ARCH = YES;
				SDKROOT = iphoneos;
				SWIFT_ACTIVE_COMPILATION_CONDITIONS = DEBUG;
				SWIFT_OPTIMIZATION_LEVEL = "-Onone";
			};
			name = Debug;
		};
		1ACBDFC7268EFA09007ABC14 /* Release */ = {
			isa = XCBuildConfiguration;
			buildSettings = {
				ALWAYS_SEARCH_USER_PATHS = NO;
				CLANG_ANALYZER_NONNULL = YES;
				CLANG_ANALYZER_NUMBER_OBJECT_CONVERSION = YES_AGGRESSIVE;
				CLANG_CXX_LANGUAGE_STANDARD = "gnu++14";
				CLANG_CXX_LIBRARY = "libc++";
				CLANG_ENABLE_MODULES = YES;
				CLANG_ENABLE_OBJC_ARC = YES;
				CLANG_ENABLE_OBJC_WEAK = YES;
				CLANG_WARN_BLOCK_CAPTURE_AUTORELEASING = YES;
				CLANG_WARN_BOOL_CONVERSION = YES;
				CLANG_WARN_COMMA = YES;
				CLANG_WARN_CONSTANT_CONVERSION = YES;
				CLANG_WARN_DEPRECATED_OBJC_IMPLEMENTATIONS = YES;
				CLANG_WARN_DIRECT_OBJC_ISA_USAGE = YES_ERROR;
				CLANG_WARN_DOCUMENTATION_COMMENTS = YES;
				CLANG_WARN_EMPTY_BODY = YES;
				CLANG_WARN_ENUM_CONVERSION = YES;
				CLANG_WARN_INFINITE_RECURSION = YES;
				CLANG_WARN_INT_CONVERSION = YES;
				CLANG_WARN_NON_LITERAL_NULL_CONVERSION = YES;
				CLANG_WARN_OBJC_IMPLICIT_RETAIN_SELF = YES;
				CLANG_WARN_OBJC_LITERAL_CONVERSION = YES;
				CLANG_WARN_OBJC_ROOT_CLASS = YES_ERROR;
				CLANG_WARN_QUOTED_INCLUDE_IN_FRAMEWORK_HEADER = YES;
				CLANG_WARN_RANGE_LOOP_ANALYSIS = YES;
				CLANG_WARN_STRICT_PROTOTYPES = YES;
				CLANG_WARN_SUSPICIOUS_MOVE = YES;
				CLANG_WARN_UNGUARDED_AVAILABILITY = YES_AGGRESSIVE;
				CLANG_WARN_UNREACHABLE_CODE = YES;
				CLANG_WARN__DUPLICATE_METHOD_MATCH = YES;
				COPY_PHASE_STRIP = NO;
				DEBUG_INFORMATION_FORMAT = "dwarf-with-dsym";
				ENABLE_NS_ASSERTIONS = NO;
				ENABLE_STRICT_OBJC_MSGSEND = YES;
				GCC_C_LANGUAGE_STANDARD = gnu11;
				GCC_NO_COMMON_BLOCKS = YES;
				GCC_WARN_64_TO_32_BIT_CONVERSION = YES;
				GCC_WARN_ABOUT_RETURN_TYPE = YES_ERROR;
				GCC_WARN_UNDECLARED_SELECTOR = YES;
				GCC_WARN_UNINITIALIZED_AUTOS = YES_AGGRESSIVE;
				GCC_WARN_UNUSED_FUNCTION = YES;
				GCC_WARN_UNUSED_VARIABLE = YES;
				IPHONEOS_DEPLOYMENT_TARGET = 14.0;
				MTL_ENABLE_DEBUG_INFO = NO;
				MTL_FAST_MATH = YES;
				SDKROOT = iphoneos;
				SWIFT_COMPILATION_MODE = wholemodule;
				SWIFT_OPTIMIZATION_LEVEL = "-O";
				VALIDATE_PRODUCT = YES;
			};
			name = Release;
		};
		1ACBDFC9268EFA09007ABC14 /* Debug */ = {
			isa = XCBuildConfiguration;
			buildSettings = {
				ASSETCATALOG_COMPILER_APPICON_NAME = AppIcon;
				ASSETCATALOG_COMPILER_GLOBAL_ACCENT_COLOR_NAME = AccentColor;
				CODE_SIGN_STYLE = Automatic;
				INFOPLIST_FILE = ExampleCollectionViewCompositionalLayout/Info.plist;
				LD_RUNPATH_SEARCH_PATHS = (
					"$(inherited)",
					"@executable_path/Frameworks",
				);
				PRODUCT_BUNDLE_IDENTIFIER = talgatkm.ExampleCollectionViewCompositionalLayout;
				PRODUCT_NAME = "$(TARGET_NAME)";
				SWIFT_VERSION = 5.0;
				TARGETED_DEVICE_FAMILY = "1,2";
			};
			name = Debug;
		};
		1ACBDFCA268EFA09007ABC14 /* Release */ = {
			isa = XCBuildConfiguration;
			buildSettings = {
				ASSETCATALOG_COMPILER_APPICON_NAME = AppIcon;
				ASSETCATALOG_COMPILER_GLOBAL_ACCENT_COLOR_NAME = AccentColor;
				CODE_SIGN_STYLE = Automatic;
				INFOPLIST_FILE = ExampleCollectionViewCompositionalLayout/Info.plist;
				LD_RUNPATH_SEARCH_PATHS = (
					"$(inherited)",
					"@executable_path/Frameworks",
				);
				PRODUCT_BUNDLE_IDENTIFIER = talgatkm.ExampleCollectionViewCompositionalLayout;
				PRODUCT_NAME = "$(TARGET_NAME)";
				SWIFT_VERSION = 5.0;
				TARGETED_DEVICE_FAMILY = "1,2";
			};
			name = Release;
		};
/* End XCBuildConfiguration section */

/* Begin XCConfigurationList section */
		1ACBDFAF268EFA08007ABC14 /* Build configuration list for PBXProject "ExampleCollectionViewCompositionalLayout" */ = {
			isa = XCConfigurationList;
			buildConfigurations = (
				1ACBDFC6268EFA09007ABC14 /* Debug */,
				1ACBDFC7268EFA09007ABC14 /* Release */,
			);
			defaultConfigurationIsVisible = 0;
			defaultConfigurationName = Release;
		};
		1ACBDFC8268EFA09007ABC14 /* Build configuration list for PBXNativeTarget "ExampleCollectionViewCompositionalLayout" */ = {
			isa = XCConfigurationList;
			buildConfigurations = (
				1ACBDFC9268EFA09007ABC14 /* Debug */,
				1ACBDFCA268EFA09007ABC14 /* Release */,
			);
			defaultConfigurationIsVisible = 0;
			defaultConfigurationName = Release;
		};
/* End XCConfigurationList section */
	};
	rootObject = 1ACBDFAC268EFA08007ABC14 /* Project object */;
}
